
Microsoft Visual Studio Solution File, Format Version 12.00
# Visual Studio 15
VisualStudioVersion = 15.0.28307.136
MinimumVisualStudioVersion = 10.0.40219.1
Project("{9A19103F-16F7-4668-BE54-9A1E7A4F7556}") = "BlogApp.Server", "BlogApp.Server\BlogApp.Server.csproj", "{223BAB0B-108D-4A7B-B294-8315DB717D15}"
EndProject
Project("{9A19103F-16F7-4668-BE54-9A1E7A4F7556}") = "BlogApp.Client", "BlogApp.Client\BlogApp.Client.csproj", "{7D989356-2098-4D95-A1DB-D79C07E5192E}"
EndProject
Project("{9A19103F-16F7-4668-BE54-9A1E7A4F7556}") = "BlogApp.Shared", "BlogApp.Shared\BlogApp.Shared.csproj", "{4EC7639F-0E70-46B2-BB19-3C7953E450F5}"
EndProject
Project("{2150E333-8FDC-42A3-9474-1A3956D46DE8}") = "Solution Items", "Solution Items", "{B6F6793C-0B03-4210-A557-0F4554DDE12C}"
	ProjectSection(SolutionItems) = preProject
		dev-docker-compose.yml = dev-docker-compose.yml
		Dockerfile = Dockerfile
	EndProjectSection
EndProject
Global
	GlobalSection(SolutionConfigurationPlatforms) = preSolution
		Debug|Any CPU = Debug|Any CPU
		Release|Any CPU = Release|Any CPU
	EndGlobalSection
	GlobalSection(ProjectConfigurationPlatforms) = postSolution
		{223BAB0B-108D-4A7B-B294-8315DB717D15}.Debug|Any CPU.ActiveCfg = Debug|Any CPU
		{223BAB0B-108D-4A7B-B294-8315DB717D15}.Debug|Any CPU.Build.0 = Debug|Any CPU
		{223BAB0B-108D-4A7B-B294-8315DB717D15}.Release|Any CPU.ActiveCfg = Release|Any CPU
		{223BAB0B-108D-4A7B-B294-8315DB717D15}.Release|Any CPU.Build.0 = Release|Any CPU
		{7D989356-2098-4D95-A1DB-D79C07E5192E}.Debug|Any CPU.ActiveCfg = Debug|Any CPU
		{7D989356-2098-4D95-A1DB-D79C07E5192E}.Debug|Any CPU.Build.0 = Debug|Any CPU
		{7D989356-2098-4D95-A1DB-D79C07E5192E}.Release|Any CPU.ActiveCfg = Release|Any CPU
		{7D989356-2098-4D95-A1DB-D79C07E5192E}.Release|Any CPU.Build.0 = Release|Any CPU
		{4EC7639F-0E70-46B2-BB19-3C7953E450F5}.Debug|Any CPU.ActiveCfg = Debug|Any CPU
		{4EC7639F-0E70-46B2-BB19-3C7953E450F5}.Debug|Any CPU.Build.0 = Debug|Any CPU
		{4EC7639F-0E70-46B2-BB19-3C7953E450F5}.Release|Any CPU.ActiveCfg = Release|Any CPU
		{4EC7639F-0E70-46B2-BB19-3C7953E450F5}.Release|Any CPU.Build.0 = Release|Any CPU
	EndGlobalSection
	GlobalSection(SolutionProperties) = preSolution
		HideSolutionNode = FALSE
	EndGlobalSection
	GlobalSection(ExtensibilityGlobals) = postSolution
		SolutionGuid = {653691AD-7353-4D41-97F6-388D0FD3F3F7}
	EndGlobalSection
EndGlobal
