
Microsoft Visual Studio Solution File, Format Version 12.00
# Visual Studio 15
VisualStudioVersion = 15.0.28307.136
MinimumVisualStudioVersion = 10.0.40219.1
Project("{9A19103F-16F7-4668-BE54-9A1E7A4F7556}") = "BlogApp.Server", "BlogApp.Server\BlogApp.Server.csproj", "{223BAB0B-108D-4A7B-B294-8315DB717D15}"
EndProject
Project("{9A19103F-16F7-4668-BE54-9A1E7A4F7556}") = "BlogApp.Client", "BlogApp.Client\BlogApp.Client.csproj", "{7D989356-2098-4D95-A1DB-D79C07E5192E}"
EndProject
Project("{9A19103F-16F7-4668-BE54-9A1E7A4F7556}") = "BlogApp.Shared", "BlogApp.Shared\BlogApp.Shared.csproj", "{4EC7639F-0E70-46B2-BB19-3C7953E450F5}"
EndProject
Project("{2150E333-8FDC-42A3-9474-1A3956D46DE8}") = "Solution Items", "Solution Items", "{B6F6793C-0B03-4210-A557-0F4554DDE12C}"
	ProjectSection(SolutionItems) = preProject
		dev-docker-compose.yml = dev-docker-compose.yml
		Dockerfile = Dockerfile
	EndProjectSection
EndProject
Project("{2150E333-8FDC-42A3-9474-1A3956D46DE8}") = "Framework", "Framework", "{E62DFCF7-A3DE-4EF0-8210-46514477DEFF}"
EndProject
Project("{9A19103F-16F7-4668-BE54-9A1E7A4F7556}") = "BlogApp.IoC", "BlogApp.IoC\BlogApp.IoC.csproj", "{F46B1F82-CEC2-4300-96E0-52374F0DDE3B}"
EndProject
Project("{9A19103F-16F7-4668-BE54-9A1E7A4F7556}") = "BlogApp.Common", "BlogApp.Common\BlogApp.Common.csproj", "{87928781-A124-4C61-AAA1-F865E91C556F}"
EndProject
Project("{9A19103F-16F7-4668-BE54-9A1E7A4F7556}") = "BlogApp.Managers", "BlogApp.Managers\BlogApp.Managers.csproj", "{C5A5283D-8785-4F68-B5CA-599BCD3652D9}"
EndProject
Project("{9A19103F-16F7-4668-BE54-9A1E7A4F7556}") = "BlogApp.Engines", "BlogApp.Engines\BlogApp.Engines.csproj", "{40085ABC-9172-40FA-8D00-C69E26DAA83C}"
EndProject
Project("{9A19103F-16F7-4668-BE54-9A1E7A4F7556}") = "BlogApp.Accessors", "BlogApp.Accessors\BlogApp.Accessors.csproj", "{EA2A806B-81CC-4A46-804E-FE260C161ACD}"
EndProject
Project("{2150E333-8FDC-42A3-9474-1A3956D46DE8}") = "Tests", "Tests", "{4828EB98-D1A2-48F9-8006-FE46A83DD08F}"
EndProject
Project("{9A19103F-16F7-4668-BE54-9A1E7A4F7556}") = "BlogApp.Accessors.Tests", "BlogApp.Accessors.Tests\BlogApp.Accessors.Tests.csproj", "{8DD60115-0053-4374-A186-A50243E70D0A}"
EndProject
Project("{9A19103F-16F7-4668-BE54-9A1E7A4F7556}") = "BlogApp.Unit.Tests", "BlogApp.Unit.Tests\BlogApp.Unit.Tests.csproj", "{1A50C045-8997-494F-843D-E893FB3A3BCC}"
EndProject
Global
	GlobalSection(SolutionConfigurationPlatforms) = preSolution
		Debug|Any CPU = Debug|Any CPU
		Release|Any CPU = Release|Any CPU
	EndGlobalSection
	GlobalSection(ProjectConfigurationPlatforms) = postSolution
		{223BAB0B-108D-4A7B-B294-8315DB717D15}.Debug|Any CPU.ActiveCfg = Debug|Any CPU
		{223BAB0B-108D-4A7B-B294-8315DB717D15}.Debug|Any CPU.Build.0 = Debug|Any CPU
		{223BAB0B-108D-4A7B-B294-8315DB717D15}.Release|Any CPU.ActiveCfg = Release|Any CPU
		{223BAB0B-108D-4A7B-B294-8315DB717D15}.Release|Any CPU.Build.0 = Release|Any CPU
		{7D989356-2098-4D95-A1DB-D79C07E5192E}.Debug|Any CPU.ActiveCfg = Debug|Any CPU
		{7D989356-2098-4D95-A1DB-D79C07E5192E}.Debug|Any CPU.Build.0 = Debug|Any CPU
		{7D989356-2098-4D95-A1DB-D79C07E5192E}.Release|Any CPU.ActiveCfg = Release|Any CPU
		{7D989356-2098-4D95-A1DB-D79C07E5192E}.Release|Any CPU.Build.0 = Release|Any CPU
		{4EC7639F-0E70-46B2-BB19-3C7953E450F5}.Debug|Any CPU.ActiveCfg = Debug|Any CPU
		{4EC7639F-0E70-46B2-BB19-3C7953E450F5}.Debug|Any CPU.Build.0 = Debug|Any CPU
		{4EC7639F-0E70-46B2-BB19-3C7953E450F5}.Release|Any CPU.ActiveCfg = Release|Any CPU
		{4EC7639F-0E70-46B2-BB19-3C7953E450F5}.Release|Any CPU.Build.0 = Release|Any CPU
		{F46B1F82-CEC2-4300-96E0-52374F0DDE3B}.Debug|Any CPU.ActiveCfg = Debug|Any CPU
		{F46B1F82-CEC2-4300-96E0-52374F0DDE3B}.Debug|Any CPU.Build.0 = Debug|Any CPU
		{F46B1F82-CEC2-4300-96E0-52374F0DDE3B}.Release|Any CPU.ActiveCfg = Release|Any CPU
		{F46B1F82-CEC2-4300-96E0-52374F0DDE3B}.Release|Any CPU.Build.0 = Release|Any CPU
		{87928781-A124-4C61-AAA1-F865E91C556F}.Debug|Any CPU.ActiveCfg = Debug|Any CPU
		{87928781-A124-4C61-AAA1-F865E91C556F}.Debug|Any CPU.Build.0 = Debug|Any CPU
		{87928781-A124-4C61-AAA1-F865E91C556F}.Release|Any CPU.ActiveCfg = Release|Any CPU
		{87928781-A124-4C61-AAA1-F865E91C556F}.Release|Any CPU.Build.0 = Release|Any CPU
		{C5A5283D-8785-4F68-B5CA-599BCD3652D9}.Debug|Any CPU.ActiveCfg = Debug|Any CPU
		{C5A5283D-8785-4F68-B5CA-599BCD3652D9}.Debug|Any CPU.Build.0 = Debug|Any CPU
		{C5A5283D-8785-4F68-B5CA-599BCD3652D9}.Release|Any CPU.ActiveCfg = Release|Any CPU
		{C5A5283D-8785-4F68-B5CA-599BCD3652D9}.Release|Any CPU.Build.0 = Release|Any CPU
		{40085ABC-9172-40FA-8D00-C69E26DAA83C}.Debug|Any CPU.ActiveCfg = Debug|Any CPU
		{40085ABC-9172-40FA-8D00-C69E26DAA83C}.Debug|Any CPU.Build.0 = Debug|Any CPU
		{40085ABC-9172-40FA-8D00-C69E26DAA83C}.Release|Any CPU.ActiveCfg = Release|Any CPU
		{40085ABC-9172-40FA-8D00-C69E26DAA83C}.Release|Any CPU.Build.0 = Release|Any CPU
		{EA2A806B-81CC-4A46-804E-FE260C161ACD}.Debug|Any CPU.ActiveCfg = Debug|Any CPU
		{EA2A806B-81CC-4A46-804E-FE260C161ACD}.Debug|Any CPU.Build.0 = Debug|Any CPU
		{EA2A806B-81CC-4A46-804E-FE260C161ACD}.Release|Any CPU.ActiveCfg = Release|Any CPU
		{EA2A806B-81CC-4A46-804E-FE260C161ACD}.Release|Any CPU.Build.0 = Release|Any CPU
		{8DD60115-0053-4374-A186-A50243E70D0A}.Debug|Any CPU.ActiveCfg = Debug|Any CPU
		{8DD60115-0053-4374-A186-A50243E70D0A}.Debug|Any CPU.Build.0 = Debug|Any CPU
		{8DD60115-0053-4374-A186-A50243E70D0A}.Release|Any CPU.ActiveCfg = Release|Any CPU
		{8DD60115-0053-4374-A186-A50243E70D0A}.Release|Any CPU.Build.0 = Release|Any CPU
		{1A50C045-8997-494F-843D-E893FB3A3BCC}.Debug|Any CPU.ActiveCfg = Debug|Any CPU
		{1A50C045-8997-494F-843D-E893FB3A3BCC}.Debug|Any CPU.Build.0 = Debug|Any CPU
		{1A50C045-8997-494F-843D-E893FB3A3BCC}.Release|Any CPU.ActiveCfg = Release|Any CPU
		{1A50C045-8997-494F-843D-E893FB3A3BCC}.Release|Any CPU.Build.0 = Release|Any CPU
	EndGlobalSection
	GlobalSection(SolutionProperties) = preSolution
		HideSolutionNode = FALSE
	EndGlobalSection
	GlobalSection(NestedProjects) = preSolution
		{F46B1F82-CEC2-4300-96E0-52374F0DDE3B} = {E62DFCF7-A3DE-4EF0-8210-46514477DEFF}
		{87928781-A124-4C61-AAA1-F865E91C556F} = {E62DFCF7-A3DE-4EF0-8210-46514477DEFF}
		{C5A5283D-8785-4F68-B5CA-599BCD3652D9} = {E62DFCF7-A3DE-4EF0-8210-46514477DEFF}
		{40085ABC-9172-40FA-8D00-C69E26DAA83C} = {E62DFCF7-A3DE-4EF0-8210-46514477DEFF}
		{EA2A806B-81CC-4A46-804E-FE260C161ACD} = {E62DFCF7-A3DE-4EF0-8210-46514477DEFF}
		{8DD60115-0053-4374-A186-A50243E70D0A} = {4828EB98-D1A2-48F9-8006-FE46A83DD08F}
		{1A50C045-8997-494F-843D-E893FB3A3BCC} = {4828EB98-D1A2-48F9-8006-FE46A83DD08F}
	EndGlobalSection
	GlobalSection(ExtensibilityGlobals) = postSolution
		SolutionGuid = {653691AD-7353-4D41-97F6-388D0FD3F3F7}
	EndGlobalSection
EndGlobal
